{
  "version": 4,
  "terraform_version": "1.3.7",
  "serial": 96,
  "lineage": "24d7a123-3fb5-b32f-0f90-e9eabef7b214",
  "outputs": {},
  "resources": [
    {
      "module": "module.gke-cluster",
      "mode": "managed",
      "type": "google_container_cluster",
      "name": "private-cluster",
      "provider": "provider[\"registry.terraform.io/hashicorp/google\"]",
      "instances": [
        {
          "schema_version": 1,
          "attributes": {
            "addons_config": [
              {
                "cloudrun_config": [],
                "config_connector_config": [],
                "dns_cache_config": [],
                "gce_persistent_disk_csi_driver_config": [
                  {
                    "enabled": true
                  }
                ],
                "gcp_filestore_csi_driver_config": [],
                "gke_backup_agent_config": [],
                "horizontal_pod_autoscaling": [],
                "http_load_balancing": [],
                "network_policy_config": [
                  {
                    "disabled": true
                  }
                ]
              }
            ],
            "authenticator_groups_config": [],
            "binary_authorization": [
              {
                "enabled": false,
                "evaluation_mode": ""
              }
            ],
            "cluster_autoscaling": [
              {
                "auto_provisioning_defaults": [],
                "enabled": false,
                "resource_limits": []
              }
            ],
            "cluster_ipv4_cidr": "10.232.0.0/14",
            "confidential_nodes": [],
            "cost_management_config": [],
            "database_encryption": [
              {
                "key_name": "",
                "state": "DECRYPTED"
              }
            ],
            "datapath_provider": "",
            "default_max_pods_per_node": 110,
            "default_snat_status": [
              {
                "disabled": false
              }
            ],
            "description": "",
            "dns_config": [],
            "enable_autopilot": false,
            "enable_binary_authorization": false,
            "enable_intranode_visibility": false,
            "enable_kubernetes_alpha": false,
            "enable_l4_ilb_subsetting": false,
            "enable_legacy_abac": false,
            "enable_shielded_nodes": true,
            "enable_tpu": false,
            "endpoint": "172.16.0.2",
            "gateway_api_config": [],
            "id": "projects/zoz-project-375711/locations/asia-east1-a/clusters/private-cluster",
            "initial_node_count": 1,
            "ip_allocation_policy": [
              {
                "cluster_ipv4_cidr_block": "10.232.0.0/14",
                "cluster_secondary_range_name": "gke-private-cluster-pods-2bf8b88e",
                "services_ipv4_cidr_block": "10.236.0.0/20",
                "services_secondary_range_name": "gke-private-cluster-services-2bf8b88e"
              }
            ],
            "label_fingerprint": "a9dc16a7",
            "location": "asia-east1-a",
            "logging_config": [
              {
                "enable_components": [
                  "SYSTEM_COMPONENTS",
                  "WORKLOADS"
                ]
              }
            ],
            "logging_service": "logging.googleapis.com/kubernetes",
            "maintenance_policy": [],
            "master_auth": [
              {
                "client_certificate": "",
                "client_certificate_config": [
                  {
                    "issue_client_certificate": false
                  }
                ],
                "client_key": "",
                "cluster_ca_certificate": "LS0tLS1CRUdJTiBDRVJUSUZJQ0FURS0tLS0tCk1JSUVMRENDQXBTZ0F3SUJBZ0lRTm80NnNsMWV4aGJYTmx2NVFzcTFTekFOQmdrcWhraUc5dzBCQVFzRkFEQXYKTVMwd0t3WURWUVFERXlRM016Sm1PREk1TVMxbE1HVTFMVFF6WkdJdE9EVmxPUzAwTmpBek5EbGhNalk0WmprdwpJQmNOTWpNd01qRXhNREV3TWpFNVdoZ1BNakExTXpBeU1ETXdNakF5TVRsYU1DOHhMVEFyQmdOVkJBTVRKRGN6Ck1tWTRNamt4TFdVd1pUVXRORE5rWWkwNE5XVTVMVFEyTURNME9XRXlOamhtT1RDQ0FhSXdEUVlKS29aSWh2Y04KQVFFQkJRQURnZ0dQQURDQ0FZb0NnZ0dCQU00QmhqV21iczhnTTg4L3lVZXF0ci93Yk5YamRBQkNpc2RUd3RtcAo4Sm16V3N1OUJMMjlQV3BMRFVkejhQRnk1NXRxaUtoc2NBVTl4WGQwYUExSVMwbWFLeUJCdk5LS3JJSWFya1Q2Cm5TbWhEenJMVzRaSGVhdC9FTEhyZG9HV2FLc1N2cW15Y0lZSFZQTEpncDJRY2lHK2tWanYzOTM3eVM0NGU5a1IKa1VWYmVsdmpTSDkzVklaUTVpMEFJOW9YSjB2cEw5RkdNVll2RTFPTTl3eE9jZVo0cXdqalhPQUJCM29idU1COQo2dDRlZm1WUWVnU3EzcUZuWGlHc3RaMFVqRTBza3Q0bjkvVnV3VTBXSWppcVVrTmVwYWxiQm5POFBHbWJwWGNnCnd6a09HeGxjcXEyRXhiSS9MWDB3ZlArcEVpYUVLb1ZOV3JVRFU2R3djSnF0aUVTOXJvY3JYTHdzdzR3ZmN2Q2cKZys4UU1UbWtLVjd3a2MxRVIwd0RGRGhieTNDUnNoUlVpT2JoaUhhaERFT0lwK0p6NU1TSXQxdGhGOGxsVlJaUgpJNHpmYlBSUWJUOVhzMUtKV3BmSk5EWEpvZkJmNWU2K0FKejgrOWpzbjY4YWR3Q002TnFZL2xQNFBjQWxaWlJ3ClN0QlQva1hiUElETkJvbXhVZjd6YXI3T1BRSURBUUFCbzBJd1FEQU9CZ05WSFE4QkFmOEVCQU1DQWdRd0R3WUQKVlIwVEFRSC9CQVV3QXdFQi96QWRCZ05WSFE0RUZnUVVmRnNBTmxFSzBDUytCeVFnN2tnVHV3bkltOHd3RFFZSgpLb1pJaHZjTkFRRUxCUUFEZ2dHQkFIbTVEZUNXR0RYQ0tKYTlDc0loekRHSC9ZMS9SbFdDQmhCQjVvQXJPbU9HCjZ3b2VVNzMyRVhRb29EMi9mRUFENDJiV0FMS01WVnBabFh5UFpMY3ZCOE5oeVMwWFlMZ2J3Y0hMUG5EUFZscFUKamJJSzFKcUFob3FTWktRMDR4L0hIb1NGTDY4K2ZCQmZ6YWZMVFpYVVo3TTJYdTI0UWRvbXpISzZVbm9KTDJvZgpxUVVQWE9EbzRJUHdoTzhPZHRiOG5YQTdialR5K0ZicTd3UksveUt5Y3FUVlBBMlNyRHpKaEJEeVQxUTdYV1FjClpKUTZwVmU3THUrVS9LUjlROTBYU2orV2hLTEl2Um1ac1c3aVhOT2ZpTHBPOUlQR2xCRlBHUzZzZ1cwNEF4WVEKWmRTcVdwVjcrNHUzZ1NVS05kWTh1VDA0S0s3L0tLSDNGU2ZtM3IydmZBdWtreUhRZklsbHpuY3BIWTA5TmVjeAordHpaek9tNHpFM2J5WXBVK3ZHUm01dEhEWU9Wa3EwYkFuOE52Yy9LUXI5OWVHNlUyeUp5R1BrbDljZDhYaS9jClFPeHpOZW90S1J6ZHlSU09ZVlovVXBLekM3OVVNSWEvcWNCQk5wQ2x0UFVnWFh2ZnpZUmxSdGNaMGhYdW1qQ2gKb2ZvZGFWQ3gxWTVSamdHTkJLMWRMQT09Ci0tLS0tRU5EIENFUlRJRklDQVRFLS0tLS0K"
              }
            ],
            "master_authorized_networks_config": [
              {
                "cidr_blocks": [
                  {
                    "cidr_block": "10.0.1.0/24",
                    "display_name": "management-subnet"
                  }
                ],
                "gcp_public_cidrs_access_enabled": false
              }
            ],
            "master_version": "1.24.8-gke.2000",
            "mesh_certificates": [],
            "min_master_version": null,
            "monitoring_config": [
              {
                "enable_components": [
                  "SYSTEM_COMPONENTS"
                ],
                "managed_prometheus": []
              }
            ],
            "monitoring_service": "monitoring.googleapis.com/kubernetes",
            "name": "private-cluster",
            "network": "projects/zoz-project-375711/global/networks/gcp-vpc",
            "network_policy": [
              {
                "enabled": false,
                "provider": "PROVIDER_UNSPECIFIED"
              }
            ],
            "networking_mode": "VPC_NATIVE",
            "node_config": [],
            "node_locations": [],
            "node_pool": [],
            "node_pool_defaults": [
              {
                "node_config_defaults": [
                  {
                    "logging_variant": "DEFAULT"
                  }
                ]
              }
            ],
            "node_version": "1.24.8-gke.2000",
            "notification_config": [
              {
                "pubsub": [
                  {
                    "enabled": false,
                    "filter": [],
                    "topic": ""
                  }
                ]
              }
            ],
            "operation": null,
            "private_cluster_config": [
              {
                "enable_private_endpoint": true,
                "enable_private_nodes": true,
                "master_global_access_config": [
                  {
                    "enabled": false
                  }
                ],
                "master_ipv4_cidr_block": "172.16.0.0/28",
                "peering_name": "gke-n4e1e04e16c88e5acfea-882c-9df7-peer",
                "private_endpoint": "172.16.0.2",
                "private_endpoint_subnetwork": "",
                "public_endpoint": "34.80.6.246"
              }
            ],
            "private_ipv6_google_access": "",
            "project": "zoz-project-375711",
            "release_channel": [
              {
                "channel": "REGULAR"
              }
            ],
            "remove_default_node_pool": true,
            "resource_labels": null,
            "resource_usage_export_config": [],
            "self_link": "https://container.googleapis.com/v1/projects/zoz-project-375711/zones/asia-east1-a/clusters/private-cluster",
            "service_external_ips_config": [
              {
                "enabled": false
              }
            ],
            "services_ipv4_cidr": "10.236.0.0/20",
            "subnetwork": "projects/zoz-project-375711/regions/asia-east1/subnetworks/restricted-subnet",
            "timeouts": null,
            "tpu_ipv4_cidr_block": "",
            "vertical_pod_autoscaling": [],
            "workload_identity_config": []
          },
          "sensitive_attributes": [],
          "private": "eyJlMmJmYjczMC1lY2FhLTExZTYtOGY4OC0zNDM2M2JjN2M0YzAiOnsiY3JlYXRlIjoyNDAwMDAwMDAwMDAwLCJkZWxldGUiOjI0MDAwMDAwMDAwMDAsInJlYWQiOjI0MDAwMDAwMDAwMDAsInVwZGF0ZSI6MzYwMDAwMDAwMDAwMH0sInNjaGVtYV92ZXJzaW9uIjoiMSJ9",
          "dependencies": [
            "module.network_module.google_compute_network.vpc",
            "module.network_module.google_compute_subnetwork.restricted"
          ]
        }
      ]
    },
    {
      "module": "module.gke-cluster",
      "mode": "managed",
      "type": "google_container_node_pool",
      "name": "private-cluster-node-pool",
      "provider": "provider[\"registry.terraform.io/hashicorp/google\"]",
      "instances": [
        {
          "schema_version": 1,
          "attributes": {
            "autoscaling": [],
            "cluster": "private-cluster",
            "id": "projects/zoz-project-375711/locations/asia-east1-a/clusters/private-cluster/nodePools/private-cluster-node-pool",
            "initial_node_count": 1,
            "instance_group_urls": [
              "https://www.googleapis.com/compute/v1/projects/zoz-project-375711/zones/asia-east1-a/instanceGroupManagers/gke-private-cluster-private-cluster-n-9659d20f-grp"
            ],
            "location": "asia-east1-a",
            "managed_instance_group_urls": [
              "https://www.googleapis.com/compute/v1/projects/zoz-project-375711/zones/asia-east1-a/instanceGroups/gke-private-cluster-private-cluster-n-9659d20f-grp"
            ],
            "management": [
              {
                "auto_repair": true,
                "auto_upgrade": true
              }
            ],
            "max_pods_per_node": 110,
            "name": "private-cluster-node-pool",
            "name_prefix": "",
            "network_config": [
              {
                "create_pod_range": false,
                "enable_private_nodes": false,
                "pod_ipv4_cidr_block": "10.232.0.0/14",
                "pod_range": "gke-private-cluster-pods-2bf8b88e"
              }
            ],
            "node_config": [
              {
                "boot_disk_kms_key": "",
                "disk_size_gb": 10,
                "disk_type": "pd-standard",
                "gcfs_config": [],
                "guest_accelerator": [],
                "gvnic": [],
                "image_type": "UBUNTU_CONTAINERD",
                "kubelet_config": [],
                "labels": {},
                "linux_node_config": [],
                "local_ssd_count": 0,
                "logging_variant": "DEFAULT",
                "machine_type": "e2-micro",
                "metadata": {
                  "disable-legacy-endpoints": "true"
                },
                "min_cpu_platform": "",
                "node_group": "",
                "oauth_scopes": [
                  "https://www.googleapis.com/auth/cloud-platform"
                ],
                "preemptible": true,
                "reservation_affinity": [],
                "resource_labels": null,
                "service_account": "gke-service@zoz-project-375711.iam.gserviceaccount.com",
                "shielded_instance_config": [
                  {
                    "enable_integrity_monitoring": true,
                    "enable_secure_boot": false
                  }
                ],
                "spot": false,
                "tags": null,
                "taint": [],
                "workload_metadata_config": []
              }
            ],
            "node_count": 1,
            "node_locations": [
              "asia-east1-a"
            ],
            "operation": null,
            "placement_policy": [],
            "project": "zoz-project-375711",
            "timeouts": null,
            "upgrade_settings": [
              {
                "blue_green_settings": [],
                "max_surge": 1,
                "max_unavailable": 0,
                "strategy": "SURGE"
              }
            ],
            "version": "1.24.8-gke.2000"
          },
          "sensitive_attributes": [],
          "private": "eyJlMmJmYjczMC1lY2FhLTExZTYtOGY4OC0zNDM2M2JjN2M0YzAiOnsiY3JlYXRlIjoxODAwMDAwMDAwMDAwLCJkZWxldGUiOjE4MDAwMDAwMDAwMDAsInVwZGF0ZSI6MTgwMDAwMDAwMDAwMH0sInNjaGVtYV92ZXJzaW9uIjoiMSJ9",
          "dependencies": [
            "module.gke-cluster.google_container_cluster.private-cluster",
            "module.gke-cluster.google_service_account.GKE-service",
            "module.network_module.google_compute_network.vpc",
            "module.network_module.google_compute_subnetwork.restricted"
          ]
        }
      ]
    },
    {
      "module": "module.gke-cluster",
      "mode": "managed",
      "type": "google_project_iam_member",
      "name": "binding",
      "provider": "provider[\"registry.terraform.io/hashicorp/google\"]",
      "instances": [
        {
          "schema_version": 0,
          "attributes": {
            "condition": [],
            "etag": "BwX0Yvrn6q0=",
            "id": "zoz-project-375711/roles/storage.objectViewer/serviceAccount:gke-service@zoz-project-375711.iam.gserviceaccount.com",
            "member": "serviceAccount:gke-service@zoz-project-375711.iam.gserviceaccount.com",
            "project": "zoz-project-375711",
            "role": "roles/storage.objectViewer"
          },
          "sensitive_attributes": [],
          "private": "bnVsbA==",
          "dependencies": [
            "module.gke-cluster.google_service_account.GKE-service"
          ]
        }
      ]
    },
    {
      "module": "module.gke-cluster",
      "mode": "managed",
      "type": "google_service_account",
      "name": "GKE-service",
      "provider": "provider[\"registry.terraform.io/hashicorp/google\"]",
      "instances": [
        {
          "schema_version": 0,
          "attributes": {
            "account_id": "gke-service",
            "description": "",
            "disabled": false,
            "display_name": "gke-service",
            "email": "gke-service@zoz-project-375711.iam.gserviceaccount.com",
            "id": "projects/zoz-project-375711/serviceAccounts/gke-service@zoz-project-375711.iam.gserviceaccount.com",
            "member": "serviceAccount:gke-service@zoz-project-375711.iam.gserviceaccount.com",
            "name": "projects/zoz-project-375711/serviceAccounts/gke-service@zoz-project-375711.iam.gserviceaccount.com",
            "project": "zoz-project-375711",
            "timeouts": null,
            "unique_id": "110158340819543724433"
          },
          "sensitive_attributes": [],
          "private": "eyJlMmJmYjczMC1lY2FhLTExZTYtOGY4OC0zNDM2M2JjN2M0YzAiOnsiY3JlYXRlIjozMDAwMDAwMDAwMDB9fQ=="
        }
      ]
    },
    {
      "module": "module.network_module",
      "mode": "managed",
      "type": "google_compute_firewall",
      "name": "management-subnet_firewall",
      "provider": "provider[\"registry.terraform.io/hashicorp/google\"]",
      "instances": [
        {
          "schema_version": 1,
          "attributes": {
            "allow": [
              {
                "ports": [
                  "22",
                  "80"
                ],
                "protocol": "tcp"
              }
            ],
            "creation_timestamp": "2023-02-10T18:01:47.494-08:00",
            "deny": [],
            "description": "",
            "destination_ranges": [],
            "direction": "INGRESS",
            "disabled": false,
            "enable_logging": null,
            "id": "projects/zoz-project-375711/global/firewalls/management-subnet-firewall",
            "log_config": [],
            "name": "management-subnet-firewall",
            "network": "https://www.googleapis.com/compute/v1/projects/zoz-project-375711/global/networks/gcp-vpc",
            "priority": 100,
            "project": "zoz-project-375711",
            "self_link": "https://www.googleapis.com/compute/v1/projects/zoz-project-375711/global/firewalls/management-subnet-firewall",
            "source_ranges": [
              "35.235.240.0/20"
            ],
            "source_service_accounts": null,
            "source_tags": null,
            "target_service_accounts": null,
            "target_tags": [
              "management-vm"
            ],
            "timeouts": null
          },
          "sensitive_attributes": [],
          "private": "eyJlMmJmYjczMC1lY2FhLTExZTYtOGY4OC0zNDM2M2JjN2M0YzAiOnsiY3JlYXRlIjoxMjAwMDAwMDAwMDAwLCJkZWxldGUiOjEyMDAwMDAwMDAwMDAsInVwZGF0ZSI6MTIwMDAwMDAwMDAwMH0sInNjaGVtYV92ZXJzaW9uIjoiMSJ9",
          "dependencies": [
            "module.network_module.google_compute_network.vpc"
          ]
        }
      ]
    },
    {
      "module": "module.network_module",
      "mode": "managed",
      "type": "google_compute_network",
      "name": "vpc",
      "provider": "provider[\"registry.terraform.io/hashicorp/google\"]",
      "instances": [
        {
          "schema_version": 0,
          "attributes": {
            "auto_create_subnetworks": false,
            "delete_default_routes_on_create": false,
            "description": "",
            "enable_ula_internal_ipv6": false,
            "gateway_ipv4": "",
            "id": "projects/zoz-project-375711/global/networks/gcp-vpc",
            "internal_ipv6_range": "",
            "mtu": 0,
            "name": "gcp-vpc",
            "project": "zoz-project-375711",
            "routing_mode": "REGIONAL",
            "self_link": "https://www.googleapis.com/compute/v1/projects/zoz-project-375711/global/networks/gcp-vpc",
            "timeouts": null
          },
          "sensitive_attributes": [],
          "private": "eyJlMmJmYjczMC1lY2FhLTExZTYtOGY4OC0zNDM2M2JjN2M0YzAiOnsiY3JlYXRlIjoxMjAwMDAwMDAwMDAwLCJkZWxldGUiOjEyMDAwMDAwMDAwMDAsInVwZGF0ZSI6MTIwMDAwMDAwMDAwMH19"
        }
      ]
    },
    {
      "module": "module.network_module",
      "mode": "managed",
      "type": "google_compute_router",
      "name": "router",
      "provider": "provider[\"registry.terraform.io/hashicorp/google\"]",
      "instances": [
        {
          "schema_version": 0,
          "attributes": {
            "bgp": [],
            "creation_timestamp": "2023-02-10T18:01:49.215-08:00",
            "description": "",
            "encrypted_interconnect_router": false,
            "id": "projects/zoz-project-375711/regions/asia-east1/routers/router",
            "name": "router",
            "network": "https://www.googleapis.com/compute/v1/projects/zoz-project-375711/global/networks/gcp-vpc",
            "project": "zoz-project-375711",
            "region": "asia-east1",
            "self_link": "https://www.googleapis.com/compute/v1/projects/zoz-project-375711/regions/asia-east1/routers/router",
            "timeouts": null
          },
          "sensitive_attributes": [],
          "private": "eyJlMmJmYjczMC1lY2FhLTExZTYtOGY4OC0zNDM2M2JjN2M0YzAiOnsiY3JlYXRlIjoxMjAwMDAwMDAwMDAwLCJkZWxldGUiOjEyMDAwMDAwMDAwMDAsInVwZGF0ZSI6MTIwMDAwMDAwMDAwMH19",
          "dependencies": [
            "module.network_module.google_compute_network.vpc"
          ]
        }
      ]
    },
    {
      "module": "module.network_module",
      "mode": "managed",
      "type": "google_compute_router_nat",
      "name": "nat",
      "provider": "provider[\"registry.terraform.io/hashicorp/google\"]",
      "instances": [
        {
          "schema_version": 0,
          "attributes": {
            "drain_nat_ips": null,
            "enable_dynamic_port_allocation": false,
            "enable_endpoint_independent_mapping": true,
            "icmp_idle_timeout_sec": 30,
            "id": "zoz-project-375711/asia-east1/router/my-nat",
            "log_config": [],
            "max_ports_per_vm": 0,
            "min_ports_per_vm": 0,
            "name": "my-nat",
            "nat_ip_allocate_option": "AUTO_ONLY",
            "nat_ips": null,
            "project": "zoz-project-375711",
            "region": "asia-east1",
            "router": "router",
            "rules": [],
            "source_subnetwork_ip_ranges_to_nat": "LIST_OF_SUBNETWORKS",
            "subnetwork": [
              {
                "name": "projects/zoz-project-375711/regions/asia-east1/subnetworks/management-subnet",
                "secondary_ip_range_names": [],
                "source_ip_ranges_to_nat": [
                  "ALL_IP_RANGES"
                ]
              }
            ],
            "tcp_established_idle_timeout_sec": 1200,
            "tcp_time_wait_timeout_sec": 120,
            "tcp_transitory_idle_timeout_sec": 30,
            "timeouts": null,
            "udp_idle_timeout_sec": 30
          },
          "sensitive_attributes": [],
          "private": "eyJlMmJmYjczMC1lY2FhLTExZTYtOGY4OC0zNDM2M2JjN2M0YzAiOnsiY3JlYXRlIjoxMjAwMDAwMDAwMDAwLCJkZWxldGUiOjEyMDAwMDAwMDAwMDAsInVwZGF0ZSI6MTIwMDAwMDAwMDAwMH19",
          "dependencies": [
            "module.network_module.google_compute_network.vpc",
            "module.network_module.google_compute_router.router",
            "module.network_module.google_compute_subnetwork.management"
          ]
        }
      ]
    },
    {
      "module": "module.network_module",
      "mode": "managed",
      "type": "google_compute_subnetwork",
      "name": "management",
      "provider": "provider[\"registry.terraform.io/hashicorp/google\"]",
      "instances": [
        {
          "schema_version": 0,
          "attributes": {
            "creation_timestamp": "2023-02-10T18:01:50.189-08:00",
            "description": "",
            "external_ipv6_prefix": "",
            "fingerprint": null,
            "gateway_address": "10.0.1.1",
            "id": "projects/zoz-project-375711/regions/asia-east1/subnetworks/management-subnet",
            "ip_cidr_range": "10.0.1.0/24",
            "ipv6_access_type": "",
            "ipv6_cidr_range": "",
            "log_config": [],
            "name": "management-subnet",
            "network": "https://www.googleapis.com/compute/v1/projects/zoz-project-375711/global/networks/gcp-vpc",
            "private_ip_google_access": false,
            "private_ipv6_google_access": "DISABLE_GOOGLE_ACCESS",
            "project": "zoz-project-375711",
            "purpose": "PRIVATE",
            "region": "asia-east1",
            "role": "",
            "secondary_ip_range": [],
            "self_link": "https://www.googleapis.com/compute/v1/projects/zoz-project-375711/regions/asia-east1/subnetworks/management-subnet",
            "stack_type": "IPV4_ONLY",
            "timeouts": null
          },
          "sensitive_attributes": [],
          "private": "eyJlMmJmYjczMC1lY2FhLTExZTYtOGY4OC0zNDM2M2JjN2M0YzAiOnsiY3JlYXRlIjoxMjAwMDAwMDAwMDAwLCJkZWxldGUiOjEyMDAwMDAwMDAwMDAsInVwZGF0ZSI6MTIwMDAwMDAwMDAwMH19",
          "dependencies": [
            "module.network_module.google_compute_network.vpc"
          ]
        }
      ]
    },
    {
      "module": "module.network_module",
      "mode": "managed",
      "type": "google_compute_subnetwork",
      "name": "restricted",
      "provider": "provider[\"registry.terraform.io/hashicorp/google\"]",
      "instances": [
        {
          "schema_version": 0,
          "attributes": {
            "creation_timestamp": "2023-02-10T18:01:50.932-08:00",
            "description": "",
            "external_ipv6_prefix": "",
            "fingerprint": null,
            "gateway_address": "10.0.2.1",
            "id": "projects/zoz-project-375711/regions/asia-east1/subnetworks/restricted-subnet",
            "ip_cidr_range": "10.0.2.0/24",
            "ipv6_access_type": "",
            "ipv6_cidr_range": "",
            "log_config": [],
            "name": "restricted-subnet",
            "network": "https://www.googleapis.com/compute/v1/projects/zoz-project-375711/global/networks/gcp-vpc",
            "private_ip_google_access": true,
            "private_ipv6_google_access": "DISABLE_GOOGLE_ACCESS",
            "project": "zoz-project-375711",
            "purpose": "PRIVATE",
            "region": "asia-east1",
            "role": "",
            "secondary_ip_range": [],
            "self_link": "https://www.googleapis.com/compute/v1/projects/zoz-project-375711/regions/asia-east1/subnetworks/restricted-subnet",
            "stack_type": "IPV4_ONLY",
            "timeouts": null
          },
          "sensitive_attributes": [],
          "private": "eyJlMmJmYjczMC1lY2FhLTExZTYtOGY4OC0zNDM2M2JjN2M0YzAiOnsiY3JlYXRlIjoxMjAwMDAwMDAwMDAwLCJkZWxldGUiOjEyMDAwMDAwMDAwMDAsInVwZGF0ZSI6MTIwMDAwMDAwMDAwMH19",
          "dependencies": [
            "module.network_module.google_compute_network.vpc"
          ]
        }
      ]
    },
    {
      "module": "module.vm",
      "mode": "managed",
      "type": "google_compute_instance",
      "name": "private-management-vm",
      "provider": "provider[\"registry.terraform.io/hashicorp/google\"]",
      "instances": [
        {
          "schema_version": 6,
          "attributes": {
            "advanced_machine_features": [],
            "allow_stopping_for_update": null,
            "attached_disk": [],
            "boot_disk": [
              {
                "auto_delete": true,
                "device_name": "persistent-disk-0",
                "disk_encryption_key_raw": "",
                "disk_encryption_key_sha256": "",
                "initialize_params": [
                  {
                    "image": "https://www.googleapis.com/compute/v1/projects/ubuntu-os-cloud/global/images/ubuntu-2204-jammy-v20230114",
                    "labels": {},
                    "size": 10,
                    "type": "pd-standard"
                  }
                ],
                "kms_key_self_link": "",
                "mode": "READ_WRITE",
                "source": "https://www.googleapis.com/compute/v1/projects/zoz-project-375711/zones/asia-east1-a/disks/private-management-vm"
              }
            ],
            "can_ip_forward": false,
            "confidential_instance_config": [],
            "cpu_platform": "Intel Broadwell",
            "current_status": "RUNNING",
            "deletion_protection": false,
            "description": "",
            "desired_status": null,
            "enable_display": false,
            "guest_accelerator": [],
            "hostname": "",
            "id": "projects/zoz-project-375711/zones/asia-east1-a/instances/private-management-vm",
            "instance_id": "7386207733446035908",
            "label_fingerprint": "42WmSpB8rSM=",
            "labels": null,
            "machine_type": "f1-micro",
            "metadata": {
              "enable-oslogin": "TRUE"
            },
            "metadata_fingerprint": "fIb3U98MucQ=",
            "metadata_startup_script": "sudo apt-get install  -y apt-transport-https ca-certificates gnupg\necho \"deb [signed-by=/usr/share/keyrings/cloud.google.gpg] https://packages.cloud.google.com/apt cloud-sdk main\" | sudo tee -a /etc/apt/sources.list.d/google-cloud-sdk.list\ncurl https://packages.cloud.google.com/apt/doc/apt-key.gpg | sudo apt-key --keyring /usr/share/keyrings/cloud.google.gpg add -\nsudo apt-get update \u0026\u0026 sudo apt-get install google-cloud -y\ncurl -LO \"https://dl.k8s.io/release/$(curl -L -s https://dl.k8s.io/release/stable.txt)/bin/linux/amd64/kubectl\"\ncurl -LO \"https://dl.k8s.io/$(curl -L -s https://dl.k8s.io/release/stable.txt)/bin/linux/amd64/kubectl.sha256\"\necho \"$(cat kubectl.sha256)  kubectl\" | sha256sum --check\nsudo install -o root -g root -m 0755 kubectl /usr/local/bin/kubectl\nchmod +x kubectl\nmkdir -p ~/.local/bin\nmv ./kubectl ~/.local/bin/kubectl\nkubectl version --client\nsudo apt-get install google-cloud-sdk-gke-gcloud-auth-plugin\n# sudo USE_GKE_GCLOUD_AUTH_PLUGIN: True\n# gcloud container clusters get-credentials private-cluster --zone asia-east1-a --project zoz-project-375711\n",
            "min_cpu_platform": "",
            "name": "private-management-vm",
            "network_interface": [
              {
                "access_config": [],
                "alias_ip_range": [],
                "ipv6_access_config": [],
                "ipv6_access_type": "",
                "name": "nic0",
                "network": "https://www.googleapis.com/compute/v1/projects/zoz-project-375711/global/networks/gcp-vpc",
                "network_ip": "10.0.1.2",
                "nic_type": "",
                "queue_count": 0,
                "stack_type": "IPV4_ONLY",
                "subnetwork": "https://www.googleapis.com/compute/v1/projects/zoz-project-375711/regions/asia-east1/subnetworks/management-subnet",
                "subnetwork_project": "zoz-project-375711"
              }
            ],
            "project": "zoz-project-375711",
            "reservation_affinity": [],
            "resource_policies": null,
            "scheduling": [
              {
                "automatic_restart": true,
                "instance_termination_action": "",
                "min_node_cpus": 0,
                "node_affinities": [],
                "on_host_maintenance": "MIGRATE",
                "preemptible": false,
                "provisioning_model": "STANDARD"
              }
            ],
            "scratch_disk": [],
            "self_link": "https://www.googleapis.com/compute/v1/projects/zoz-project-375711/zones/asia-east1-a/instances/private-management-vm",
            "service_account": [
              {
                "email": "myservice-account@zoz-project-375711.iam.gserviceaccount.com",
                "scopes": [
                  "https://www.googleapis.com/auth/cloud-platform"
                ]
              }
            ],
            "shielded_instance_config": [
              {
                "enable_integrity_monitoring": true,
                "enable_secure_boot": false,
                "enable_vtpm": true
              }
            ],
            "tags": [
              "management-vm"
            ],
            "tags_fingerprint": "pYYb4KXhqeA=",
            "timeouts": null,
            "zone": "asia-east1-a"
          },
          "sensitive_attributes": [],
          "private": "eyJlMmJmYjczMC1lY2FhLTExZTYtOGY4OC0zNDM2M2JjN2M0YzAiOnsiY3JlYXRlIjoxMjAwMDAwMDAwMDAwLCJkZWxldGUiOjEyMDAwMDAwMDAwMDAsInVwZGF0ZSI6MTIwMDAwMDAwMDAwMH0sInNjaGVtYV92ZXJzaW9uIjoiNiJ9",
          "dependencies": [
            "module.network_module.google_compute_network.vpc",
            "module.network_module.google_compute_subnetwork.management",
            "module.vm.google_service_account.myservice-account"
          ]
        }
      ]
    },
    {
      "module": "module.vm",
      "mode": "managed",
      "type": "google_project_iam_member",
      "name": "binding",
      "provider": "provider[\"registry.terraform.io/hashicorp/google\"]",
      "instances": [
        {
          "schema_version": 0,
          "attributes": {
            "condition": [],
            "etag": "BwX0Yvrn6q0=",
            "id": "zoz-project-375711/roles/container.admin/serviceAccount:myservice-account@zoz-project-375711.iam.gserviceaccount.com",
            "member": "serviceAccount:myservice-account@zoz-project-375711.iam.gserviceaccount.com",
            "project": "zoz-project-375711",
            "role": "roles/container.admin"
          },
          "sensitive_attributes": [],
          "private": "bnVsbA==",
          "dependencies": [
            "module.vm.google_service_account.myservice-account"
          ]
        }
      ]
    },
    {
      "module": "module.vm",
      "mode": "managed",
      "type": "google_service_account",
      "name": "myservice-account",
      "provider": "provider[\"registry.terraform.io/hashicorp/google\"]",
      "instances": [
        {
          "schema_version": 0,
          "attributes": {
            "account_id": "myservice-account",
            "description": "",
            "disabled": false,
            "display_name": "myservice-account",
            "email": "myservice-account@zoz-project-375711.iam.gserviceaccount.com",
            "id": "projects/zoz-project-375711/serviceAccounts/myservice-account@zoz-project-375711.iam.gserviceaccount.com",
            "member": "serviceAccount:myservice-account@zoz-project-375711.iam.gserviceaccount.com",
            "name": "projects/zoz-project-375711/serviceAccounts/myservice-account@zoz-project-375711.iam.gserviceaccount.com",
            "project": "zoz-project-375711",
            "timeouts": null,
            "unique_id": "108125270961661283726"
          },
          "sensitive_attributes": [],
          "private": "eyJlMmJmYjczMC1lY2FhLTExZTYtOGY4OC0zNDM2M2JjN2M0YzAiOnsiY3JlYXRlIjozMDAwMDAwMDAwMDB9fQ=="
        }
      ]
    }
  ],
  "check_results": null
}
