{
  "version": 4,
  "terraform_version": "1.3.7",
  "serial": 86,
  "lineage": "24d7a123-3fb5-b32f-0f90-e9eabef7b214",
  "outputs": {},
  "resources": [
    {
      "module": "module.gke-cluster",
      "mode": "managed",
      "type": "google_container_cluster",
      "name": "private-cluster",
      "provider": "provider[\"registry.terraform.io/hashicorp/google\"]",
      "instances": []
    },
    {
      "module": "module.gke-cluster",
      "mode": "managed",
      "type": "google_container_node_pool",
      "name": "private-cluster-node-pool",
      "provider": "provider[\"registry.terraform.io/hashicorp/google\"]",
      "instances": []
    },
    {
      "module": "module.gke-cluster",
      "mode": "managed",
      "type": "google_project_iam_member",
      "name": "binding",
      "provider": "provider[\"registry.terraform.io/hashicorp/google\"]",
      "instances": [
        {
          "schema_version": 0,
          "attributes": {
            "condition": [],
            "etag": "BwX0Yvrn6q0=",
            "id": "zoz-project-375711/roles/storage.objectViewer/serviceAccount:gke-service@zoz-project-375711.iam.gserviceaccount.com",
            "member": "serviceAccount:gke-service@zoz-project-375711.iam.gserviceaccount.com",
            "project": "zoz-project-375711",
            "role": "roles/storage.objectViewer"
          },
          "sensitive_attributes": [],
          "private": "bnVsbA==",
          "dependencies": [
            "module.gke-cluster.google_service_account.GKE-service"
          ]
        }
      ]
    },
    {
      "module": "module.gke-cluster",
      "mode": "managed",
      "type": "google_service_account",
      "name": "GKE-service",
      "provider": "provider[\"registry.terraform.io/hashicorp/google\"]",
      "instances": [
        {
          "schema_version": 0,
          "attributes": {
            "account_id": "gke-service",
            "description": "",
            "disabled": false,
            "display_name": "gke-service",
            "email": "gke-service@zoz-project-375711.iam.gserviceaccount.com",
            "id": "projects/zoz-project-375711/serviceAccounts/gke-service@zoz-project-375711.iam.gserviceaccount.com",
            "member": "serviceAccount:gke-service@zoz-project-375711.iam.gserviceaccount.com",
            "name": "projects/zoz-project-375711/serviceAccounts/gke-service@zoz-project-375711.iam.gserviceaccount.com",
            "project": "zoz-project-375711",
            "timeouts": null,
            "unique_id": "110158340819543724433"
          },
          "sensitive_attributes": [],
          "private": "eyJlMmJmYjczMC1lY2FhLTExZTYtOGY4OC0zNDM2M2JjN2M0YzAiOnsiY3JlYXRlIjozMDAwMDAwMDAwMDB9fQ=="
        }
      ]
    },
    {
      "module": "module.network_module",
      "mode": "managed",
      "type": "google_compute_firewall",
      "name": "management-subnet_firewall",
      "provider": "provider[\"registry.terraform.io/hashicorp/google\"]",
      "instances": []
    },
    {
      "module": "module.network_module",
      "mode": "managed",
      "type": "google_compute_router",
      "name": "router",
      "provider": "provider[\"registry.terraform.io/hashicorp/google\"]",
      "instances": []
    },
    {
      "module": "module.network_module",
      "mode": "managed",
      "type": "google_compute_router_nat",
      "name": "nat",
      "provider": "provider[\"registry.terraform.io/hashicorp/google\"]",
      "instances": []
    },
    {
      "module": "module.network_module",
      "mode": "managed",
      "type": "google_compute_subnetwork",
      "name": "management",
      "provider": "provider[\"registry.terraform.io/hashicorp/google\"]",
      "instances": []
    },
    {
      "module": "module.network_module",
      "mode": "managed",
      "type": "google_compute_subnetwork",
      "name": "restricted",
      "provider": "provider[\"registry.terraform.io/hashicorp/google\"]",
      "instances": []
    },
    {
      "module": "module.vm",
      "mode": "managed",
      "type": "google_compute_instance",
      "name": "private-management-vm",
      "provider": "provider[\"registry.terraform.io/hashicorp/google\"]",
      "instances": []
    },
    {
      "module": "module.vm",
      "mode": "managed",
      "type": "google_project_iam_member",
      "name": "binding",
      "provider": "provider[\"registry.terraform.io/hashicorp/google\"]",
      "instances": [
        {
          "schema_version": 0,
          "attributes": {
            "condition": [],
            "etag": "BwX0Yvrn6q0=",
            "id": "zoz-project-375711/roles/container.admin/serviceAccount:myservice-account@zoz-project-375711.iam.gserviceaccount.com",
            "member": "serviceAccount:myservice-account@zoz-project-375711.iam.gserviceaccount.com",
            "project": "zoz-project-375711",
            "role": "roles/container.admin"
          },
          "sensitive_attributes": [],
          "private": "bnVsbA==",
          "dependencies": [
            "module.vm.google_service_account.myservice-account"
          ]
        }
      ]
    },
    {
      "module": "module.vm",
      "mode": "managed",
      "type": "google_service_account",
      "name": "myservice-account",
      "provider": "provider[\"registry.terraform.io/hashicorp/google\"]",
      "instances": [
        {
          "schema_version": 0,
          "attributes": {
            "account_id": "myservice-account",
            "description": "",
            "disabled": false,
            "display_name": "myservice-account",
            "email": "myservice-account@zoz-project-375711.iam.gserviceaccount.com",
            "id": "projects/zoz-project-375711/serviceAccounts/myservice-account@zoz-project-375711.iam.gserviceaccount.com",
            "member": "serviceAccount:myservice-account@zoz-project-375711.iam.gserviceaccount.com",
            "name": "projects/zoz-project-375711/serviceAccounts/myservice-account@zoz-project-375711.iam.gserviceaccount.com",
            "project": "zoz-project-375711",
            "timeouts": null,
            "unique_id": "108125270961661283726"
          },
          "sensitive_attributes": [],
          "private": "eyJlMmJmYjczMC1lY2FhLTExZTYtOGY4OC0zNDM2M2JjN2M0YzAiOnsiY3JlYXRlIjozMDAwMDAwMDAwMDB9fQ=="
        }
      ]
    }
  ],
  "check_results": null
}
